<Solution>
  <Folder Name="/Solution Items/">
    <File Path=".editorconfig" />
    <File Path="Directory.Build.props" />
  </Folder>
  <Project Path="Wkg.EntityFrameworkCore.Discovery.SourceGeneration/Wkg.EntityFrameworkCore.Discovery.SourceGeneration.csproj" />
  <Project Path="Wkg.EntityFrameworkCore.Tests/Wkg.EntityFrameworkCore.Tests.csproj" />
  <Project Path="Wkg.EntityFrameworkCore/Wkg.EntityFrameworkCore.csproj" />
</Solution>